
Microsoft Visual Studio Solution File, Format Version 12.00
# Visual Studio 15
VisualStudioVersion = 15.0.26228.9
MinimumVisualStudioVersion = 10.0.40219.1
Project("{FAE04EC0-301F-11D3-BF4B-00C04F79EFBC}") = "HelloExtensions", "HelloExtensions\HelloExtensions.csproj", "{E7932E81-3347-4F48-A1E0-8774CD7DED3C}"
EndProject
Project("{FAE04EC0-301F-11D3-BF4B-00C04F79EFBC}") = "HelloExtensions.Auth", "HelloExtensions.Auth\HelloExtensions.Auth.csproj", "{6B8C3DCB-A1C7-47A9-86A5-26C93C8330B4}"
EndProject
Project("{FAE04EC0-301F-11D3-BF4B-00C04F79EFBC}") = "HelloExtensions.ProjectA.Auth", "HelloExtensions.ProjectA.Auth\HelloExtensions.ProjectA.Auth.csproj", "{C667027D-D3C6-4526-B7B5-6186106E1DDF}"
EndProject
Project("{FAE04EC0-301F-11D3-BF4B-00C04F79EFBC}") = "HelloExtensions.ProjectB.Auth", "HelloExtensions.ProjectB.Auth\HelloExtensions.ProjectB.Auth.csproj", "{4D9D6B0D-1A7C-4651-8EE0-11664046503F}"
EndProject
Global
	GlobalSection(SolutionConfigurationPlatforms) = preSolution
		Debug|Any CPU = Debug|Any CPU
		Release|Any CPU = Release|Any CPU
	EndGlobalSection
	GlobalSection(ProjectConfigurationPlatforms) = postSolution
		{E7932E81-3347-4F48-A1E0-8774CD7DED3C}.Debug|Any CPU.ActiveCfg = Debug|Any CPU
		{E7932E81-3347-4F48-A1E0-8774CD7DED3C}.Debug|Any CPU.Build.0 = Debug|Any CPU
		{E7932E81-3347-4F48-A1E0-8774CD7DED3C}.Release|Any CPU.ActiveCfg = Release|Any CPU
		{E7932E81-3347-4F48-A1E0-8774CD7DED3C}.Release|Any CPU.Build.0 = Release|Any CPU
		{6B8C3DCB-A1C7-47A9-86A5-26C93C8330B4}.Debug|Any CPU.ActiveCfg = Debug|Any CPU
		{6B8C3DCB-A1C7-47A9-86A5-26C93C8330B4}.Debug|Any CPU.Build.0 = Debug|Any CPU
		{6B8C3DCB-A1C7-47A9-86A5-26C93C8330B4}.Release|Any CPU.ActiveCfg = Release|Any CPU
		{6B8C3DCB-A1C7-47A9-86A5-26C93C8330B4}.Release|Any CPU.Build.0 = Release|Any CPU
		{C667027D-D3C6-4526-B7B5-6186106E1DDF}.Debug|Any CPU.ActiveCfg = Debug|Any CPU
		{C667027D-D3C6-4526-B7B5-6186106E1DDF}.Debug|Any CPU.Build.0 = Debug|Any CPU
		{C667027D-D3C6-4526-B7B5-6186106E1DDF}.Release|Any CPU.ActiveCfg = Release|Any CPU
		{C667027D-D3C6-4526-B7B5-6186106E1DDF}.Release|Any CPU.Build.0 = Release|Any CPU
		{4D9D6B0D-1A7C-4651-8EE0-11664046503F}.Debug|Any CPU.ActiveCfg = Debug|Any CPU
		{4D9D6B0D-1A7C-4651-8EE0-11664046503F}.Debug|Any CPU.Build.0 = Debug|Any CPU
		{4D9D6B0D-1A7C-4651-8EE0-11664046503F}.Release|Any CPU.ActiveCfg = Release|Any CPU
		{4D9D6B0D-1A7C-4651-8EE0-11664046503F}.Release|Any CPU.Build.0 = Release|Any CPU
	EndGlobalSection
	GlobalSection(SolutionProperties) = preSolution
		HideSolutionNode = FALSE
	EndGlobalSection
EndGlobal
